// !$*UTF8*$!
{
	archiveVersion = 1;
	classes = {
	};
	objectVersion = 46;
	objects = {

/* Begin PBXBuildFile section */
		0A2FEBAF1F41FB5300C5192D /* AppDelegate.swift in Sources */ = {isa = PBXBuildFile; fileRef = 0A2FEBAE1F41FB5300C5192D /* AppDelegate.swift */; };
		0A2FEBB11F41FB5300C5192D /* ViewController.swift in Sources */ = {isa = PBXBuildFile; fileRef = 0A2FEBB01F41FB5300C5192D /* ViewController.swift */; };
		0A2FEBB41F41FB5300C5192D /* Main.storyboard in Resources */ = {isa = PBXBuildFile; fileRef = 0A2FEBB21F41FB5300C5192D /* Main.storyboard */; };
		0A2FEBB61F41FB5300C5192D /* Assets.xcassets in Resources */ = {isa = PBXBuildFile; fileRef = 0A2FEBB51F41FB5300C5192D /* Assets.xcassets */; };
		0A2FEBB91F41FB5300C5192D /* LaunchScreen.storyboard in Resources */ = {isa = PBXBuildFile; fileRef = 0A2FEBB71F41FB5300C5192D /* LaunchScreen.storyboard */; };
		0A2FEBC41F41FB5300C5192D /* ChineseCardsTests.swift in Sources */ = {isa = PBXBuildFile; fileRef = 0A2FEBC31F41FB5300C5192D /* ChineseCardsTests.swift */; };
		0A2FEBCF1F41FB5300C5192D /* ChineseCardsUITests.swift in Sources */ = {isa = PBXBuildFile; fileRef = 0A2FEBCE1F41FB5300C5192D /* ChineseCardsUITests.swift */; };
/* End PBXBuildFile section */

/* Begin PBXContainerItemProxy section */
		0A2FEBC01F41FB5300C5192D /* PBXContainerItemProxy */ = {
			isa = PBXContainerItemProxy;
			containerPortal = 0A2FEBA31F41FB5300C5192D /* Project object */;
			proxyType = 1;
			remoteGlobalIDString = 0A2FEBAA1F41FB5300C5192D;
			remoteInfo = ChineseCards;
		};
		0A2FEBCB1F41FB5300C5192D /* PBXContainerItemProxy */ = {
			isa = PBXContainerItemProxy;
			containerPortal = 0A2FEBA31F41FB5300C5192D /* Project object */;
			proxyType = 1;
			remoteGlobalIDString = 0A2FEBAA1F41FB5300C5192D;
			remoteInfo = ChineseCards;
		};
/* End PBXContainerItemProxy section */

/* Begin PBXFileReference section */
		0A2FEBAB1F41FB5300C5192D /* ChineseCards.app */ = {isa = PBXFileReference; explicitFileType = wrapper.application; includeInIndex = 0; path = ChineseCards.app; sourceTree = BUILT_PRODUCTS_DIR; };
		0A2FEBAE1F41FB5300C5192D /* AppDelegate.swift */ = {isa = PBXFileReference; lastKnownFileType = sourcecode.swift; path = AppDelegate.swift; sourceTree = "<group>"; };
		0A2FEBB01F41FB5300C5192D /* ViewController.swift */ = {isa = PBXFileReference; lastKnownFileType = sourcecode.swift; path = ViewController.swift; sourceTree = "<group>"; };
		0A2FEBB31F41FB5300C5192D /* Base */ = {isa = PBXFileReference; lastKnownFileType = file.storyboard; name = Base; path = Base.lproj/Main.storyboard; sourceTree = "<group>"; };
		0A2FEBB51F41FB5300C5192D /* Assets.xcassets */ = {isa = PBXFileReference; lastKnownFileType = folder.assetcatalog; path = Assets.xcassets; sourceTree = "<group>"; };
		0A2FEBB81F41FB5300C5192D /* Base */ = {isa = PBXFileReference; lastKnownFileType = file.storyboard; name = Base; path = Base.lproj/LaunchScreen.storyboard; sourceTree = "<group>"; };
		0A2FEBBA1F41FB5300C5192D /* Info.plist */ = {isa = PBXFileReference; lastKnownFileType = text.plist.xml; path = Info.plist; sourceTree = "<group>"; };
		0A2FEBBF1F41FB5300C5192D /* ChineseCardsTests.xctest */ = {isa = PBXFileReference; explicitFileType = wrapper.cfbundle; includeInIndex = 0; path = ChineseCardsTests.xctest; sourceTree = BUILT_PRODUCTS_DIR; };
		0A2FEBC31F41FB5300C5192D /* ChineseCardsTests.swift */ = {isa = PBXFileReference; lastKnownFileType = sourcecode.swift; path = ChineseCardsTests.swift; sourceTree = "<group>"; };
		0A2FEBC51F41FB5300C5192D /* Info.plist */ = {isa = PBXFileReference; lastKnownFileType = text.plist.xml; path = Info.plist; sourceTree = "<group>"; };
		0A2FEBCA1F41FB5300C5192D /* ChineseCardsUITests.xctest */ = {isa = PBXFileReference; explicitFileType = wrapper.cfbundle; includeInIndex = 0; path = ChineseCardsUITests.xctest; sourceTree = BUILT_PRODUCTS_DIR; };
		0A2FEBCE1F41FB5300C5192D /* ChineseCardsUITests.swift */ = {isa = PBXFileReference; lastKnownFileType = sourcecode.swift; path = ChineseCardsUITests.swift; sourceTree = "<group>"; };
		0A2FEBD01F41FB5300C5192D /* Info.plist */ = {isa = PBXFileReference; lastKnownFileType = text.plist.xml; path = Info.plist; sourceTree = "<group>"; };
/* End PBXFileReference section */

/* Begin PBXFrameworksBuildPhase section */
		0A2FEBA81F41FB5300C5192D /* Frameworks */ = {
			isa = PBXFrameworksBuildPhase;
			buildActionMask = 2147483647;
			files = (
			);
			runOnlyForDeploymentPostprocessing = 0;
		};
		0A2FEBBC1F41FB5300C5192D /* Frameworks */ = {
			isa = PBXFrameworksBuildPhase;
			buildActionMask = 2147483647;
			files = (
			);
			runOnlyForDeploymentPostprocessing = 0;
		};
		0A2FEBC71F41FB5300C5192D /* Frameworks */ = {
			isa = PBXFrameworksBuildPhase;
			buildActionMask = 2147483647;
			files = (
			);
			runOnlyForDeploymentPostprocessing = 0;
		};
/* End PBXFrameworksBuildPhase section */

/* Begin PBXGroup section */
		0A2FEBA21F41FB5300C5192D = {
			isa = PBXGroup;
			children = (
				0A2FEBAD1F41FB5300C5192D /* ChineseCards */,
				0A2FEBC21F41FB5300C5192D /* ChineseCardsTests */,
				0A2FEBCD1F41FB5300C5192D /* ChineseCardsUITests */,
				0A2FEBAC1F41FB5300C5192D /* Products */,
			);
			sourceTree = "<group>";
		};
		0A2FEBAC1F41FB5300C5192D /* Products */ = {
			isa = PBXGroup;
			children = (
				0A2FEBAB1F41FB5300C5192D /* ChineseCards.app */,
				0A2FEBBF1F41FB5300C5192D /* ChineseCardsTests.xctest */,
				0A2FEBCA1F41FB5300C5192D /* ChineseCardsUITests.xctest */,
			);
			name = Products;
			sourceTree = "<group>";
		};
		0A2FEBAD1F41FB5300C5192D /* ChineseCards */ = {
			isa = PBXGroup;
			children = (
				0A2FEBAE1F41FB5300C5192D /* AppDelegate.swift */,
				0A2FEBB01F41FB5300C5192D /* ViewController.swift */,
				0A2FEBB21F41FB5300C5192D /* Main.storyboard */,
				0A2FEBB51F41FB5300C5192D /* Assets.xcassets */,
				0A2FEBB71F41FB5300C5192D /* LaunchScreen.storyboard */,
				0A2FEBBA1F41FB5300C5192D /* Info.plist */,
			);
			path = ChineseCards;
			sourceTree = "<group>";
		};
		0A2FEBC21F41FB5300C5192D /* ChineseCardsTests */ = {
			isa = PBXGroup;
			children = (
				0A2FEBC31F41FB5300C5192D /* ChineseCardsTests.swift */,
				0A2FEBC51F41FB5300C5192D /* Info.plist */,
			);
			path = ChineseCardsTests;
			sourceTree = "<group>";
		};
		0A2FEBCD1F41FB5300C5192D /* ChineseCardsUITests */ = {
			isa = PBXGroup;
			children = (
				0A2FEBCE1F41FB5300C5192D /* ChineseCardsUITests.swift */,
				0A2FEBD01F41FB5300C5192D /* Info.plist */,
			);
			path = ChineseCardsUITests;
			sourceTree = "<group>";
		};
/* End PBXGroup section */

/* Begin PBXNativeTarget section */
		0A2FEBAA1F41FB5300C5192D /* ChineseCards */ = {
			isa = PBXNativeTarget;
			buildConfigurationList = 0A2FEBD31F41FB5300C5192D /* Build configuration list for PBXNativeTarget "ChineseCards" */;
			buildPhases = (
				0A2FEBA71F41FB5300C5192D /* Sources */,
				0A2FEBA81F41FB5300C5192D /* Frameworks */,
				0A2FEBA91F41FB5300C5192D /* Resources */,
			);
			buildRules = (
			);
			dependencies = (
			);
			name = ChineseCards;
			productName = ChineseCards;
			productReference = 0A2FEBAB1F41FB5300C5192D /* ChineseCards.app */;
			productType = "com.apple.product-type.application";
		};
		0A2FEBBE1F41FB5300C5192D /* ChineseCardsTests */ = {
			isa = PBXNativeTarget;
			buildConfigurationList = 0A2FEBD61F41FB5300C5192D /* Build configuration list for PBXNativeTarget "ChineseCardsTests" */;
			buildPhases = (
				0A2FEBBB1F41FB5300C5192D /* Sources */,
				0A2FEBBC1F41FB5300C5192D /* Frameworks */,
				0A2FEBBD1F41FB5300C5192D /* Resources */,
			);
			buildRules = (
			);
			dependencies = (
				0A2FEBC11F41FB5300C5192D /* PBXTargetDependency */,
			);
			name = ChineseCardsTests;
			productName = ChineseCardsTests;
			productReference = 0A2FEBBF1F41FB5300C5192D /* ChineseCardsTests.xctest */;
			productType = "com.apple.product-type.bundle.unit-test";
		};
		0A2FEBC91F41FB5300C5192D /* ChineseCardsUITests */ = {
			isa = PBXNativeTarget;
			buildConfigurationList = 0A2FEBD91F41FB5300C5192D /* Build configuration list for PBXNativeTarget "ChineseCardsUITests" */;
			buildPhases = (
				0A2FEBC61F41FB5300C5192D /* Sources */,
				0A2FEBC71F41FB5300C5192D /* Frameworks */,
				0A2FEBC81F41FB5300C5192D /* Resources */,
			);
			buildRules = (
			);
			dependencies = (
				0A2FEBCC1F41FB5300C5192D /* PBXTargetDependency */,
			);
			name = ChineseCardsUITests;
			productName = ChineseCardsUITests;
			productReference = 0A2FEBCA1F41FB5300C5192D /* ChineseCardsUITests.xctest */;
			productType = "com.apple.product-type.bundle.ui-testing";
		};
/* End PBXNativeTarget section */

/* Begin PBXProject section */
		0A2FEBA31F41FB5300C5192D /* Project object */ = {
			isa = PBXProject;
			attributes = {
				LastSwiftUpdateCheck = 0830;
				LastUpgradeCheck = 0830;
				ORGANIZATIONNAME = "Kevin Zhou";
				TargetAttributes = {
					0A2FEBAA1F41FB5300C5192D = {
						CreatedOnToolsVersion = 8.3.3;
						DevelopmentTeam = L8XDXNFNKF;
						ProvisioningStyle = Automatic;
					};
					0A2FEBBE1F41FB5300C5192D = {
						CreatedOnToolsVersion = 8.3.3;
						DevelopmentTeam = L8XDXNFNKF;
						ProvisioningStyle = Automatic;
						TestTargetID = 0A2FEBAA1F41FB5300C5192D;
					};
					0A2FEBC91F41FB5300C5192D = {
						CreatedOnToolsVersion = 8.3.3;
						DevelopmentTeam = L8XDXNFNKF;
						ProvisioningStyle = Automatic;
						TestTargetID = 0A2FEBAA1F41FB5300C5192D;
					};
				};
			};
			buildConfigurationList = 0A2FEBA61F41FB5300C5192D /* Build configuration list for PBXProject "ChineseCards" */;
			compatibilityVersion = "Xcode 3.2";
			developmentRegion = English;
			hasScannedForEncodings = 0;
			knownRegions = (
				en,
				Base,
			);
			mainGroup = 0A2FEBA21F41FB5300C5192D;
			productRefGroup = 0A2FEBAC1F41FB5300C5192D /* Products */;
			projectDirPath = "";
			projectRoot = "";
			targets = (
				0A2FEBAA1F41FB5300C5192D /* ChineseCards */,
				0A2FEBBE1F41FB5300C5192D /* ChineseCardsTests */,
				0A2FEBC91F41FB5300C5192D /* ChineseCardsUITests */,
			);
		};
/* End PBXProject section */

/* Begin PBXResourcesBuildPhase section */
		0A2FEBA91F41FB5300C5192D /* Resources */ = {
			isa = PBXResourcesBuildPhase;
			buildActionMask = 2147483647;
			files = (
				0A2FEBB91F41FB5300C5192D /* LaunchScreen.storyboard in Resources */,
				0A2FEBB61F41FB5300C5192D /* Assets.xcassets in Resources */,
				0A2FEBB41F41FB5300C5192D /* Main.storyboard in Resources */,
			);
			runOnlyForDeploymentPostprocessing = 0;
		};
		0A2FEBBD1F41FB5300C5192D /* Resources */ = {
			isa = PBXResourcesBuildPhase;
			buildActionMask = 2147483647;
			files = (
			);
			runOnlyForDeploymentPostprocessing = 0;
		};
		0A2FEBC81F41FB5300C5192D /* Resources */ = {
			isa = PBXResourcesBuildPhase;
			buildActionMask = 2147483647;
			files = (
			);
			runOnlyForDeploymentPostprocessing = 0;
		};
/* End PBXResourcesBuildPhase section */

/* Begin PBXSourcesBuildPhase section */
		0A2FEBA71F41FB5300C5192D /* Sources */ = {
			isa = PBXSourcesBuildPhase;
			buildActionMask = 2147483647;
			files = (
				0A2FEBB11F41FB5300C5192D /* ViewController.swift in Sources */,
				0A2FEBAF1F41FB5300C5192D /* AppDelegate.swift in Sources */,
			);
			runOnlyForDeploymentPostprocessing = 0;
		};
		0A2FEBBB1F41FB5300C5192D /* Sources */ = {
			isa = PBXSourcesBuildPhase;
			buildActionMask = 2147483647;
			files = (
				0A2FEBC41F41FB5300C5192D /* ChineseCardsTests.swift in Sources */,
			);
			runOnlyForDeploymentPostprocessing = 0;
		};
		0A2FEBC61F41FB5300C5192D /* Sources */ = {
			isa = PBXSourcesBuildPhase;
			buildActionMask = 2147483647;
			files = (
				0A2FEBCF1F41FB5300C5192D /* ChineseCardsUITests.swift in Sources */,
			);
			runOnlyForDeploymentPostprocessing = 0;
		};
/* End PBXSourcesBuildPhase section */

/* Begin PBXTargetDependency section */
		0A2FEBC11F41FB5300C5192D /* PBXTargetDependency */ = {
			isa = PBXTargetDependency;
			target = 0A2FEBAA1F41FB5300C5192D /* ChineseCards */;
			targetProxy = 0A2FEBC01F41FB5300C5192D /* PBXContainerItemProxy */;
		};
		0A2FEBCC1F41FB5300C5192D /* PBXTargetDependency */ = {
			isa = PBXTargetDependency;
			target = 0A2FEBAA1F41FB5300C5192D /* ChineseCards */;
			targetProxy = 0A2FEBCB1F41FB5300C5192D /* PBXContainerItemProxy */;
		};
/* End PBXTargetDependency section */

/* Begin PBXVariantGroup section */
		0A2FEBB21F41FB5300C5192D /* Main.storyboard */ = {
			isa = PBXVariantGroup;
			children = (
				0A2FEBB31F41FB5300C5192D /* Base */,
			);
			name = Main.storyboard;
			sourceTree = "<group>";
		};
		0A2FEBB71F41FB5300C5192D /* LaunchScreen.storyboard */ = {
			isa = PBXVariantGroup;
			children = (
				0A2FEBB81F41FB5300C5192D /* Base */,
			);
			name = LaunchScreen.storyboard;
			sourceTree = "<group>";
		};
/* End PBXVariantGroup section */

/* Begin XCBuildConfiguration section */
		0A2FEBD11F41FB5300C5192D /* Debug */ = {
			isa = XCBuildConfiguration;
			buildSettings = {
				ALWAYS_SEARCH_USER_PATHS = NO;
				CLANG_ANALYZER_NONNULL = YES;
				CLANG_ANALYZER_NUMBER_OBJECT_CONVERSION = YES_AGGRESSIVE;
				CLANG_CXX_LANGUAGE_STANDARD = "gnu++0x";
				CLANG_CXX_LIBRARY = "libc++";
				CLANG_ENABLE_MODULES = YES;
				CLANG_ENABLE_OBJC_ARC = YES;
				CLANG_WARN_BOOL_CONVERSION = YES;
				CLANG_WARN_CONSTANT_CONVERSION = YES;
				CLANG_WARN_DIRECT_OBJC_ISA_USAGE = YES_ERROR;
				CLANG_WARN_DOCUMENTATION_COMMENTS = YES;
				CLANG_WARN_EMPTY_BODY = YES;
				CLANG_WARN_ENUM_CONVERSION = YES;
				CLANG_WARN_INFINITE_RECURSION = YES;
				CLANG_WARN_INT_CONVERSION = YES;
				CLANG_WARN_OBJC_ROOT_CLASS = YES_ERROR;
				CLANG_WARN_SUSPICIOUS_MOVE = YES;
				CLANG_WARN_UNREACHABLE_CODE = YES;
				CLANG_WARN__DUPLICATE_METHOD_MATCH = YES;
				"CODE_SIGN_IDENTITY[sdk=iphoneos*]" = "iPhone Developer";
				COPY_PHASE_STRIP = NO;
				DEBUG_INFORMATION_FORMAT = dwarf;
				ENABLE_STRICT_OBJC_MSGSEND = YES;
				ENABLE_TESTABILITY = YES;
				GCC_C_LANGUAGE_STANDARD = gnu99;
				GCC_DYNAMIC_NO_PIC = NO;
				GCC_NO_COMMON_BLOCKS = YES;
				GCC_OPTIMIZATION_LEVEL = 0;
				GCC_PREPROCESSOR_DEFINITIONS = (
					"DEBUG=1",
					"$(inherited)",
				);
				GCC_WARN_64_TO_32_BIT_CONVERSION = YES;
				GCC_WARN_ABOUT_RETURN_TYPE = YES_ERROR;
				GCC_WARN_UNDECLARED_SELECTOR = YES;
				GCC_WARN_UNINITIALIZED_AUTOS = YES_AGGRESSIVE;
				GCC_WARN_UNUSED_FUNCTION = YES;
				GCC_WARN_UNUSED_VARIABLE = YES;
				IPHONEOS_DEPLOYMENT_TARGET = 10.3;
				MTL_ENABLE_DEBUG_INFO = YES;
				ONLY_ACTIVE_ARCH = YES;
				SDKROOT = iphoneos;
				SWIFT_ACTIVE_COMPILATION_CONDITIONS = DEBUG;
				SWIFT_OPTIMIZATION_LEVEL = "-Onone";
				TARGETED_DEVICE_FAMILY = "1,2";
			};
			name = Debug;
		};
		0A2FEBD21F41FB5300C5192D /* Release */ = {
			isa = XCBuildConfiguration;
			buildSettings = {
				ALWAYS_SEARCH_USER_PATHS = NO;
				CLANG_ANALYZER_NONNULL = YES;
				CLANG_ANALYZER_NUMBER_OBJECT_CONVERSION = YES_AGGRESSIVE;
				CLANG_CXX_LANGUAGE_STANDARD = "gnu++0x";
				CLANG_CXX_LIBRARY = "libc++";
				CLANG_ENABLE_MODULES = YES;
				CLANG_ENABLE_OBJC_ARC = YES;
				CLANG_WARN_BOOL_CONVERSION = YES;
				CLANG_WARN_CONSTANT_CONVERSION = YES;
				CLANG_WARN_DIRECT_OBJC_ISA_USAGE = YES_ERROR;
				CLANG_WARN_DOCUMENTATION_COMMENTS = YES;
				CLANG_WARN_EMPTY_BODY = YES;
				CLANG_WARN_ENUM_CONVERSION = YES;
				CLANG_WARN_INFINITE_RECURSION = YES;
				CLANG_WARN_INT_CONVERSION = YES;
				CLANG_WARN_OBJC_ROOT_CLASS = YES_ERROR;
				CLANG_WARN_SUSPICIOUS_MOVE = YES;
				CLANG_WARN_UNREACHABLE_CODE = YES;
				CLANG_WARN__DUPLICATE_METHOD_MATCH = YES;
				"CODE_SIGN_IDENTITY[sdk=iphoneos*]" = "iPhone Developer";
				COPY_PHASE_STRIP = NO;
				DEBUG_INFORMATION_FORMAT = "dwarf-with-dsym";
				ENABLE_NS_ASSERTIONS = NO;
				ENABLE_STRICT_OBJC_MSGSEND = YES;
				GCC_C_LANGUAGE_STANDARD = gnu99;
				GCC_NO_COMMON_BLOCKS = YES;
				GCC_WARN_64_TO_32_BIT_CONVERSION = YES;
				GCC_WARN_ABOUT_RETURN_TYPE = YES_ERROR;
				GCC_WARN_UNDECLARED_SELECTOR = YES;
				GCC_WARN_UNINITIALIZED_AUTOS = YES_AGGRESSIVE;
				GCC_WARN_UNUSED_FUNCTION = YES;
				GCC_WARN_UNUSED_VARIABLE = YES;
				IPHONEOS_DEPLOYMENT_TARGET = 10.3;
				MTL_ENABLE_DEBUG_INFO = NO;
				SDKROOT = iphoneos;
				SWIFT_OPTIMIZATION_LEVEL = "-Owholemodule";
				TARGETED_DEVICE_FAMILY = "1,2";
				VALIDATE_PRODUCT = YES;
			};
			name = Release;
		};
		0A2FEBD41F41FB5300C5192D /* Debug */ = {
			isa = XCBuildConfiguration;
			buildSettings = {
				ASSETCATALOG_COMPILER_APPICON_NAME = AppIcon;
				DEVELOPMENT_TEAM = L8XDXNFNKF;
				INFOPLIST_FILE = ChineseCards/Info.plist;
				LD_RUNPATH_SEARCH_PATHS = "$(inherited) @executable_path/Frameworks";
				PRODUCT_BUNDLE_IDENTIFIER = us.happybunny.ChineseCards;
				PRODUCT_NAME = "$(TARGET_NAME)";
				SWIFT_VERSION = 3.0;
			};
			name = Debug;
		};
		0A2FEBD51F41FB5300C5192D /* Release */ = {
			isa = XCBuildConfiguration;
			buildSettings = {
				ASSETCATALOG_COMPILER_APPICON_NAME = AppIcon;
				DEVELOPMENT_TEAM = L8XDXNFNKF;
				INFOPLIST_FILE = ChineseCards/Info.plist;
				LD_RUNPATH_SEARCH_PATHS = "$(inherited) @executable_path/Frameworks";
				PRODUCT_BUNDLE_IDENTIFIER = us.happybunny.ChineseCards;
				PRODUCT_NAME = "$(TARGET_NAME)";
				SWIFT_VERSION = 3.0;
			};
			name = Release;
		};
		0A2FEBD71F41FB5300C5192D /* Debug */ = {
			isa = XCBuildConfiguration;
			buildSettings = {
				ALWAYS_EMBED_SWIFT_STANDARD_LIBRARIES = YES;
				BUNDLE_LOADER = "$(TEST_HOST)";
				DEVELOPMENT_TEAM = L8XDXNFNKF;
				INFOPLIST_FILE = ChineseCardsTests/Info.plist;
				LD_RUNPATH_SEARCH_PATHS = "$(inherited) @executable_path/Frameworks @loader_path/Frameworks";
				PRODUCT_BUNDLE_IDENTIFIER = us.happybunny.ChineseCardsTests;
				PRODUCT_NAME = "$(TARGET_NAME)";
				SWIFT_VERSION = 3.0;
				TEST_HOST = "$(BUILT_PRODUCTS_DIR)/ChineseCards.app/ChineseCards";
			};
			name = Debug;
		};
		0A2FEBD81F41FB5300C5192D /* Release */ = {
			isa = XCBuildConfiguration;
			buildSettings = {
				ALWAYS_EMBED_SWIFT_STANDARD_LIBRARIES = YES;
				BUNDLE_LOADER = "$(TEST_HOST)";
				DEVELOPMENT_TEAM = L8XDXNFNKF;
				INFOPLIST_FILE = ChineseCardsTests/Info.plist;
				LD_RUNPATH_SEARCH_PATHS = "$(inherited) @executable_path/Frameworks @loader_path/Frameworks";
				PRODUCT_BUNDLE_IDENTIFIER = us.happybunny.ChineseCardsTests;
				PRODUCT_NAME = "$(TARGET_NAME)";
				SWIFT_VERSION = 3.0;
				TEST_HOST = "$(BUILT_PRODUCTS_DIR)/ChineseCards.app/ChineseCards";
			};
			name = Release;
		};
		0A2FEBDA1F41FB5300C5192D /* Debug */ = {
			isa = XCBuildConfiguration;
			buildSettings = {
				ALWAYS_EMBED_SWIFT_STANDARD_LIBRARIES = YES;
				DEVELOPMENT_TEAM = L8XDXNFNKF;
				INFOPLIST_FILE = ChineseCardsUITests/Info.plist;
				LD_RUNPATH_SEARCH_PATHS = "$(inherited) @executable_path/Frameworks @loader_path/Frameworks";
				PRODUCT_BUNDLE_IDENTIFIER = us.happybunny.ChineseCardsUITests;
				PRODUCT_NAME = "$(TARGET_NAME)";
				SWIFT_VERSION = 3.0;
				TEST_TARGET_NAME = ChineseCards;
			};
			name = Debug;
		};
		0A2FEBDB1F41FB5300C5192D /* Release */ = {
			isa = XCBuildConfiguration;
			buildSettings = {
				ALWAYS_EMBED_SWIFT_STANDARD_LIBRARIES = YES;
				DEVELOPMENT_TEAM = L8XDXNFNKF;
				INFOPLIST_FILE = ChineseCardsUITests/Info.plist;
				LD_RUNPATH_SEARCH_PATHS = "$(inherited) @executable_path/Frameworks @loader_path/Frameworks";
				PRODUCT_BUNDLE_IDENTIFIER = us.happybunny.ChineseCardsUITests;
				PRODUCT_NAME = "$(TARGET_NAME)";
				SWIFT_VERSION = 3.0;
				TEST_TARGET_NAME = ChineseCards;
			};
			name = Release;
		};
/* End XCBuildConfiguration section */

/* Begin XCConfigurationList section */
		0A2FEBA61F41FB5300C5192D /* Build configuration list for PBXProject "ChineseCards" */ = {
			isa = XCConfigurationList;
			buildConfigurations = (
				0A2FEBD11F41FB5300C5192D /* Debug */,
				0A2FEBD21F41FB5300C5192D /* Release */,
			);
			defaultConfigurationIsVisible = 0;
			defaultConfigurationName = Release;
		};
		0A2FEBD31F41FB5300C5192D /* Build configuration list for PBXNativeTarget "ChineseCards" */ = {
			isa = XCConfigurationList;
			buildConfigurations = (
				0A2FEBD41F41FB5300C5192D /* Debug */,
				0A2FEBD51F41FB5300C5192D /* Release */,
			);
			defaultConfigurationIsVisible = 0;
		};
		0A2FEBD61F41FB5300C5192D /* Build configuration list for PBXNativeTarget "ChineseCardsTests" */ = {
			isa = XCConfigurationList;
			buildConfigurations = (
				0A2FEBD71F41FB5300C5192D /* Debug */,
				0A2FEBD81F41FB5300C5192D /* Release */,
			);
			defaultConfigurationIsVisible = 0;
		};
		0A2FEBD91F41FB5300C5192D /* Build configuration list for PBXNativeTarget "ChineseCardsUITests" */ = {
			isa = XCConfigurationList;
			buildConfigurations = (
				0A2FEBDA1F41FB5300C5192D /* Debug */,
				0A2FEBDB1F41FB5300C5192D /* Release */,
			);
			defaultConfigurationIsVisible = 0;
		};
/* End XCConfigurationList section */
	};
	rootObject = 0A2FEBA31F41FB5300C5192D /* Project object */;
}
